// !$*UTF8*$!
{
	archiveVersion = 1;
	classes = {
	};
	objectVersion = 46;
	objects = {

/* Begin PBXBuildFile section */
		00E667CF1C7D48730071182F /* AppDelegate.swift in Sources */ = {isa = PBXBuildFile; fileRef = 00E667CE1C7D48730071182F /* AppDelegate.swift */; };
		00E667D11C7D48730071182F /* ViewController.swift in Sources */ = {isa = PBXBuildFile; fileRef = 00E667D01C7D48730071182F /* ViewController.swift */; };
		00E667D41C7D48730071182F /* Main.storyboard in Resources */ = {isa = PBXBuildFile; fileRef = 00E667D21C7D48730071182F /* Main.storyboard */; };
		00E667D71C7D48730071182F /* ModalSegues.xcdatamodeld in Sources */ = {isa = PBXBuildFile; fileRef = 00E667D51C7D48730071182F /* ModalSegues.xcdatamodeld */; };
		00E667D91C7D48730071182F /* Assets.xcassets in Resources */ = {isa = PBXBuildFile; fileRef = 00E667D81C7D48730071182F /* Assets.xcassets */; };
		00E667DC1C7D48730071182F /* LaunchScreen.storyboard in Resources */ = {isa = PBXBuildFile; fileRef = 00E667DA1C7D48730071182F /* LaunchScreen.storyboard */; };
		00E667E71C7D48740071182F /* ModalSeguesTests.swift in Sources */ = {isa = PBXBuildFile; fileRef = 00E667E61C7D48740071182F /* ModalSeguesTests.swift */; };
		00E667F21C7D48740071182F /* ModalSeguesUITests.swift in Sources */ = {isa = PBXBuildFile; fileRef = 00E667F11C7D48740071182F /* ModalSeguesUITests.swift */; };
		00E668001C7D58180071182F /* PercentageViewController.swift in Sources */ = {isa = PBXBuildFile; fileRef = 00E667FF1C7D58180071182F /* PercentageViewController.swift */; };
/* End PBXBuildFile section */

/* Begin PBXContainerItemProxy section */
		00E667E31C7D48740071182F /* PBXContainerItemProxy */ = {
			isa = PBXContainerItemProxy;
			containerPortal = 00E667C31C7D48730071182F /* Project object */;
			proxyType = 1;
			remoteGlobalIDString = 00E667CA1C7D48730071182F;
			remoteInfo = ModalSegues;
		};
		00E667EE1C7D48740071182F /* PBXContainerItemProxy */ = {
			isa = PBXContainerItemProxy;
			containerPortal = 00E667C31C7D48730071182F /* Project object */;
			proxyType = 1;
			remoteGlobalIDString = 00E667CA1C7D48730071182F;
			remoteInfo = ModalSegues;
		};
/* End PBXContainerItemProxy section */

/* Begin PBXFileReference section */
		00E667CB1C7D48730071182F /* ModalSegues.app */ = {isa = PBXFileReference; explicitFileType = wrapper.application; includeInIndex = 0; path = ModalSegues.app; sourceTree = BUILT_PRODUCTS_DIR; };
		00E667CE1C7D48730071182F /* AppDelegate.swift */ = {isa = PBXFileReference; lastKnownFileType = sourcecode.swift; path = AppDelegate.swift; sourceTree = "<group>"; };
		00E667D01C7D48730071182F /* ViewController.swift */ = {isa = PBXFileReference; lastKnownFileType = sourcecode.swift; path = ViewController.swift; sourceTree = "<group>"; };
		00E667D31C7D48730071182F /* Base */ = {isa = PBXFileReference; lastKnownFileType = file.storyboard; name = Base; path = Base.lproj/Main.storyboard; sourceTree = "<group>"; };
		00E667D61C7D48730071182F /* ModalSegues.xcdatamodel */ = {isa = PBXFileReference; lastKnownFileType = wrapper.xcdatamodel; path = ModalSegues.xcdatamodel; sourceTree = "<group>"; };
		00E667D81C7D48730071182F /* Assets.xcassets */ = {isa = PBXFileReference; lastKnownFileType = folder.assetcatalog; path = Assets.xcassets; sourceTree = "<group>"; };
		00E667DB1C7D48730071182F /* Base */ = {isa = PBXFileReference; lastKnownFileType = file.storyboard; name = Base; path = Base.lproj/LaunchScreen.storyboard; sourceTree = "<group>"; };
		00E667DD1C7D48730071182F /* Info.plist */ = {isa = PBXFileReference; lastKnownFileType = text.plist.xml; path = Info.plist; sourceTree = "<group>"; };
		00E667E21C7D48740071182F /* ModalSeguesTests.xctest */ = {isa = PBXFileReference; explicitFileType = wrapper.cfbundle; includeInIndex = 0; path = ModalSeguesTests.xctest; sourceTree = BUILT_PRODUCTS_DIR; };
		00E667E61C7D48740071182F /* ModalSeguesTests.swift */ = {isa = PBXFileReference; lastKnownFileType = sourcecode.swift; path = ModalSeguesTests.swift; sourceTree = "<group>"; };
		00E667E81C7D48740071182F /* Info.plist */ = {isa = PBXFileReference; lastKnownFileType = text.plist.xml; path = Info.plist; sourceTree = "<group>"; };
		00E667ED1C7D48740071182F /* ModalSeguesUITests.xctest */ = {isa = PBXFileReference; explicitFileType = wrapper.cfbundle; includeInIndex = 0; path = ModalSeguesUITests.xctest; sourceTree = BUILT_PRODUCTS_DIR; };
		00E667F11C7D48740071182F /* ModalSeguesUITests.swift */ = {isa = PBXFileReference; lastKnownFileType = sourcecode.swift; path = ModalSeguesUITests.swift; sourceTree = "<group>"; };
		00E667F31C7D48740071182F /* Info.plist */ = {isa = PBXFileReference; lastKnownFileType = text.plist.xml; path = Info.plist; sourceTree = "<group>"; };
		00E667FF1C7D58180071182F /* PercentageViewController.swift */ = {isa = PBXFileReference; fileEncoding = 4; lastKnownFileType = sourcecode.swift; path = PercentageViewController.swift; sourceTree = "<group>"; };
/* End PBXFileReference section */

/* Begin PBXFrameworksBuildPhase section */
		00E667C81C7D48730071182F /* Frameworks */ = {
			isa = PBXFrameworksBuildPhase;
			buildActionMask = 2147483647;
			files = (
			);
			runOnlyForDeploymentPostprocessing = 0;
		};
		00E667DF1C7D48740071182F /* Frameworks */ = {
			isa = PBXFrameworksBuildPhase;
			buildActionMask = 2147483647;
			files = (
			);
			runOnlyForDeploymentPostprocessing = 0;
		};
		00E667EA1C7D48740071182F /* Frameworks */ = {
			isa = PBXFrameworksBuildPhase;
			buildActionMask = 2147483647;
			files = (
			);
			runOnlyForDeploymentPostprocessing = 0;
		};
/* End PBXFrameworksBuildPhase section */

/* Begin PBXGroup section */
		00E667C21C7D48730071182F = {
			isa = PBXGroup;
			children = (
				00E667CD1C7D48730071182F /* ModalSegues */,
				00E667E51C7D48740071182F /* ModalSeguesTests */,
				00E667F01C7D48740071182F /* ModalSeguesUITests */,
				00E667CC1C7D48730071182F /* Products */,
			);
			sourceTree = "<group>";
		};
		00E667CC1C7D48730071182F /* Products */ = {
			isa = PBXGroup;
			children = (
				00E667CB1C7D48730071182F /* ModalSegues.app */,
				00E667E21C7D48740071182F /* ModalSeguesTests.xctest */,
				00E667ED1C7D48740071182F /* ModalSeguesUITests.xctest */,
			);
			name = Products;
			sourceTree = "<group>";
		};
		00E667CD1C7D48730071182F /* ModalSegues */ = {
			isa = PBXGroup;
			children = (
				00E667CE1C7D48730071182F /* AppDelegate.swift */,
				00E667D01C7D48730071182F /* ViewController.swift */,
				00E667FF1C7D58180071182F /* PercentageViewController.swift */,
				00E667D21C7D48730071182F /* Main.storyboard */,
				00E667D81C7D48730071182F /* Assets.xcassets */,
				00E667DA1C7D48730071182F /* LaunchScreen.storyboard */,
				00E667DD1C7D48730071182F /* Info.plist */,
				00E667D51C7D48730071182F /* ModalSegues.xcdatamodeld */,
			);
			path = ModalSegues;
			sourceTree = "<group>";
		};
		00E667E51C7D48740071182F /* ModalSeguesTests */ = {
			isa = PBXGroup;
			children = (
				00E667E61C7D48740071182F /* ModalSeguesTests.swift */,
				00E667E81C7D48740071182F /* Info.plist */,
			);
			path = ModalSeguesTests;
			sourceTree = "<group>";
		};
		00E667F01C7D48740071182F /* ModalSeguesUITests */ = {
			isa = PBXGroup;
			children = (
				00E667F11C7D48740071182F /* ModalSeguesUITests.swift */,
				00E667F31C7D48740071182F /* Info.plist */,
			);
			path = ModalSeguesUITests;
			sourceTree = "<group>";
		};
/* End PBXGroup section */

/* Begin PBXNativeTarget section */
		00E667CA1C7D48730071182F /* ModalSegues */ = {
			isa = PBXNativeTarget;
			buildConfigurationList = 00E667F61C7D48740071182F /* Build configuration list for PBXNativeTarget "ModalSegues" */;
			buildPhases = (
				00E667C71C7D48730071182F /* Sources */,
				00E667C81C7D48730071182F /* Frameworks */,
				00E667C91C7D48730071182F /* Resources */,
			);
			buildRules = (
			);
			dependencies = (
			);
			name = ModalSegues;
			productName = ModalSegues;
			productReference = 00E667CB1C7D48730071182F /* ModalSegues.app */;
			productType = "com.apple.product-type.application";
		};
		00E667E11C7D48740071182F /* ModalSeguesTests */ = {
			isa = PBXNativeTarget;
			buildConfigurationList = 00E667F91C7D48740071182F /* Build configuration list for PBXNativeTarget "ModalSeguesTests" */;
			buildPhases = (
				00E667DE1C7D48740071182F /* Sources */,
				00E667DF1C7D48740071182F /* Frameworks */,
				00E667E01C7D48740071182F /* Resources */,
			);
			buildRules = (
			);
			dependencies = (
				00E667E41C7D48740071182F /* PBXTargetDependency */,
			);
			name = ModalSeguesTests;
			productName = ModalSeguesTests;
			productReference = 00E667E21C7D48740071182F /* ModalSeguesTests.xctest */;
			productType = "com.apple.product-type.bundle.unit-test";
		};
		00E667EC1C7D48740071182F /* ModalSeguesUITests */ = {
			isa = PBXNativeTarget;
			buildConfigurationList = 00E667FC1C7D48740071182F /* Build configuration list for PBXNativeTarget "ModalSeguesUITests" */;
			buildPhases = (
				00E667E91C7D48740071182F /* Sources */,
				00E667EA1C7D48740071182F /* Frameworks */,
				00E667EB1C7D48740071182F /* Resources */,
			);
			buildRules = (
			);
			dependencies = (
				00E667EF1C7D48740071182F /* PBXTargetDependency */,
			);
			name = ModalSeguesUITests;
			productName = ModalSeguesUITests;
			productReference = 00E667ED1C7D48740071182F /* ModalSeguesUITests.xctest */;
			productType = "com.apple.product-type.bundle.ui-testing";
		};
/* End PBXNativeTarget section */

/* Begin PBXProject section */
		00E667C31C7D48730071182F /* Project object */ = {
			isa = PBXProject;
			attributes = {
				LastSwiftUpdateCheck = 0720;
				LastUpgradeCheck = 0720;
				ORGANIZATIONNAME = ccsfcomputers;
				TargetAttributes = {
					00E667CA1C7D48730071182F = {
						CreatedOnToolsVersion = 7.2;
					};
					00E667E11C7D48740071182F = {
						CreatedOnToolsVersion = 7.2;
						TestTargetID = 00E667CA1C7D48730071182F;
					};
					00E667EC1C7D48740071182F = {
						CreatedOnToolsVersion = 7.2;
						TestTargetID = 00E667CA1C7D48730071182F;
					};
				};
			};
			buildConfigurationList = 00E667C61C7D48730071182F /* Build configuration list for PBXProject "ModalSegues" */;
			compatibilityVersion = "Xcode 3.2";
			developmentRegion = English;
			hasScannedForEncodings = 0;
			knownRegions = (
				en,
				Base,
			);
			mainGroup = 00E667C21C7D48730071182F;
			productRefGroup = 00E667CC1C7D48730071182F /* Products */;
			projectDirPath = "";
			projectRoot = "";
			targets = (
				00E667CA1C7D48730071182F /* ModalSegues */,
				00E667E11C7D48740071182F /* ModalSeguesTests */,
				00E667EC1C7D48740071182F /* ModalSeguesUITests */,
			);
		};
/* End PBXProject section */

/* Begin PBXResourcesBuildPhase section */
		00E667C91C7D48730071182F /* Resources */ = {
			isa = PBXResourcesBuildPhase;
			buildActionMask = 2147483647;
			files = (
				00E667DC1C7D48730071182F /* LaunchScreen.storyboard in Resources */,
				00E667D91C7D48730071182F /* Assets.xcassets in Resources */,
				00E667D41C7D48730071182F /* Main.storyboard in Resources */,
			);
			runOnlyForDeploymentPostprocessing = 0;
		};
		00E667E01C7D48740071182F /* Resources */ = {
			isa = PBXResourcesBuildPhase;
			buildActionMask = 2147483647;
			files = (
			);
			runOnlyForDeploymentPostprocessing = 0;
		};
		00E667EB1C7D48740071182F /* Resources */ = {
			isa = PBXResourcesBuildPhase;
			buildActionMask = 2147483647;
			files = (
			);
			runOnlyForDeploymentPostprocessing = 0;
		};
/* End PBXResourcesBuildPhase section */

/* Begin PBXSourcesBuildPhase section */
		00E667C71C7D48730071182F /* Sources */ = {
			isa = PBXSourcesBuildPhase;
			buildActionMask = 2147483647;
			files = (
				00E667D11C7D48730071182F /* ViewController.swift in Sources */,
				00E667CF1C7D48730071182F /* AppDelegate.swift in Sources */,
				00E668001C7D58180071182F /* PercentageViewController.swift in Sources */,
				00E667D71C7D48730071182F /* ModalSegues.xcdatamodeld in Sources */,
			);
			runOnlyForDeploymentPostprocessing = 0;
		};
		00E667DE1C7D48740071182F /* Sources */ = {
			isa = PBXSourcesBuildPhase;
			buildActionMask = 2147483647;
			files = (
				00E667E71C7D48740071182F /* ModalSeguesTests.swift in Sources */,
			);
			runOnlyForDeploymentPostprocessing = 0;
		};
		00E667E91C7D48740071182F /* Sources */ = {
			isa = PBXSourcesBuildPhase;
			buildActionMask = 2147483647;
			files = (
				00E667F21C7D48740071182F /* ModalSeguesUITests.swift in Sources */,
			);
			runOnlyForDeploymentPostprocessing = 0;
		};
/* End PBXSourcesBuildPhase section */

/* Begin PBXTargetDependency section */
		00E667E41C7D48740071182F /* PBXTargetDependency */ = {
			isa = PBXTargetDependency;
			target = 00E667CA1C7D48730071182F /* ModalSegues */;
			targetProxy = 00E667E31C7D48740071182F /* PBXContainerItemProxy */;
		};
		00E667EF1C7D48740071182F /* PBXTargetDependency */ = {
			isa = PBXTargetDependency;
			target = 00E667CA1C7D48730071182F /* ModalSegues */;
			targetProxy = 00E667EE1C7D48740071182F /* PBXContainerItemProxy */;
		};
/* End PBXTargetDependency section */

/* Begin PBXVariantGroup section */
		00E667D21C7D48730071182F /* Main.storyboard */ = {
			isa = PBXVariantGroup;
			children = (
				00E667D31C7D48730071182F /* Base */,
			);
			name = Main.storyboard;
			sourceTree = "<group>";
		};
		00E667DA1C7D48730071182F /* LaunchScreen.storyboard */ = {
			isa = PBXVariantGroup;
			children = (
				00E667DB1C7D48730071182F /* Base */,
			);
			name = LaunchScreen.storyboard;
			sourceTree = "<group>";
		};
/* End PBXVariantGroup section */

/* Begin XCBuildConfiguration section */
		00E667F41C7D48740071182F /* Debug */ = {
			isa = XCBuildConfiguration;
			buildSettings = {
				ALWAYS_SEARCH_USER_PATHS = NO;
				CLANG_CXX_LANGUAGE_STANDARD = "gnu++0x";
				CLANG_CXX_LIBRARY = "libc++";
				CLANG_ENABLE_MODULES = YES;
				CLANG_ENABLE_OBJC_ARC = YES;
				CLANG_WARN_BOOL_CONVERSION = YES;
				CLANG_WARN_CONSTANT_CONVERSION = YES;
				CLANG_WARN_DIRECT_OBJC_ISA_USAGE = YES_ERROR;
				CLANG_WARN_EMPTY_BODY = YES;
				CLANG_WARN_ENUM_CONVERSION = YES;
				CLANG_WARN_INT_CONVERSION = YES;
				CLANG_WARN_OBJC_ROOT_CLASS = YES_ERROR;
				CLANG_WARN_UNREACHABLE_CODE = YES;
				CLANG_WARN__DUPLICATE_METHOD_MATCH = YES;
				"CODE_SIGN_IDENTITY[sdk=iphoneos*]" = "iPhone Developer";
				COPY_PHASE_STRIP = NO;
				DEBUG_INFORMATION_FORMAT = dwarf;
				ENABLE_STRICT_OBJC_MSGSEND = YES;
				ENABLE_TESTABILITY = YES;
				GCC_C_LANGUAGE_STANDARD = gnu99;
				GCC_DYNAMIC_NO_PIC = NO;
				GCC_NO_COMMON_BLOCKS = YES;
				GCC_OPTIMIZATION_LEVEL = 0;
				GCC_PREPROCESSOR_DEFINITIONS = (
					"DEBUG=1",
					"$(inherited)",
				);
				GCC_WARN_64_TO_32_BIT_CONVERSION = YES;
				GCC_WARN_ABOUT_RETURN_TYPE = YES_ERROR;
				GCC_WARN_UNDECLARED_SELECTOR = YES;
				GCC_WARN_UNINITIALIZED_AUTOS = YES_AGGRESSIVE;
				GCC_WARN_UNUSED_FUNCTION = YES;
				GCC_WARN_UNUSED_VARIABLE = YES;
				IPHONEOS_DEPLOYMENT_TARGET = 9.2;
				MTL_ENABLE_DEBUG_INFO = YES;
				ONLY_ACTIVE_ARCH = YES;
				SDKROOT = iphoneos;
				SWIFT_OPTIMIZATION_LEVEL = "-Onone";
			};
			name = Debug;
		};
		00E667F51C7D48740071182F /* Release */ = {
			isa = XCBuildConfiguration;
			buildSettings = {
				ALWAYS_SEARCH_USER_PATHS = NO;
				CLANG_CXX_LANGUAGE_STANDARD = "gnu++0x";
				CLANG_CXX_LIBRARY = "libc++";
				CLANG_ENABLE_MODULES = YES;
				CLANG_ENABLE_OBJC_ARC = YES;
				CLANG_WARN_BOOL_CONVERSION = YES;
				CLANG_WARN_CONSTANT_CONVERSION = YES;
				CLANG_WARN_DIRECT_OBJC_ISA_USAGE = YES_ERROR;
				CLANG_WARN_EMPTY_BODY = YES;
				CLANG_WARN_ENUM_CONVERSION = YES;
				CLANG_WARN_INT_CONVERSION = YES;
				CLANG_WARN_OBJC_ROOT_CLASS = YES_ERROR;
				CLANG_WARN_UNREACHABLE_CODE = YES;
				CLANG_WARN__DUPLICATE_METHOD_MATCH = YES;
				"CODE_SIGN_IDENTITY[sdk=iphoneos*]" = "iPhone Developer";
				COPY_PHASE_STRIP = NO;
				DEBUG_INFORMATION_FORMAT = "dwarf-with-dsym";
				ENABLE_NS_ASSERTIONS = NO;
				ENABLE_STRICT_OBJC_MSGSEND = YES;
				GCC_C_LANGUAGE_STANDARD = gnu99;
				GCC_NO_COMMON_BLOCKS = YES;
				GCC_WARN_64_TO_32_BIT_CONVERSION = YES;
				GCC_WARN_ABOUT_RETURN_TYPE = YES_ERROR;
				GCC_WARN_UNDECLARED_SELECTOR = YES;
				GCC_WARN_UNINITIALIZED_AUTOS = YES_AGGRESSIVE;
				GCC_WARN_UNUSED_FUNCTION = YES;
				GCC_WARN_UNUSED_VARIABLE = YES;
				IPHONEOS_DEPLOYMENT_TARGET = 9.2;
				MTL_ENABLE_DEBUG_INFO = NO;
				SDKROOT = iphoneos;
				VALIDATE_PRODUCT = YES;
			};
			name = Release;
		};
		00E667F71C7D48740071182F /* Debug */ = {
			isa = XCBuildConfiguration;
			buildSettings = {
				ASSETCATALOG_COMPILER_APPICON_NAME = AppIcon;
				INFOPLIST_FILE = ModalSegues/Info.plist;
				LD_RUNPATH_SEARCH_PATHS = "$(inherited) @executable_path/Frameworks";
				PRODUCT_BUNDLE_IDENTIFIER = CCSF.ModalSegues;
				PRODUCT_NAME = "$(TARGET_NAME)";
			};
			name = Debug;
		};
		00E667F81C7D48740071182F /* Release */ = {
			isa = XCBuildConfiguration;
			buildSettings = {
				ASSETCATALOG_COMPILER_APPICON_NAME = AppIcon;
				INFOPLIST_FILE = ModalSegues/Info.plist;
				LD_RUNPATH_SEARCH_PATHS = "$(inherited) @executable_path/Frameworks";
				PRODUCT_BUNDLE_IDENTIFIER = CCSF.ModalSegues;
				PRODUCT_NAME = "$(TARGET_NAME)";
			};
			name = Release;
		};
		00E667FA1C7D48740071182F /* Debug */ = {
			isa = XCBuildConfiguration;
			buildSettings = {
				BUNDLE_LOADER = "$(TEST_HOST)";
				INFOPLIST_FILE = ModalSeguesTests/Info.plist;
				LD_RUNPATH_SEARCH_PATHS = "$(inherited) @executable_path/Frameworks @loader_path/Frameworks";
				PRODUCT_BUNDLE_IDENTIFIER = CCSF.ModalSeguesTests;
				PRODUCT_NAME = "$(TARGET_NAME)";
				TEST_HOST = "$(BUILT_PRODUCTS_DIR)/ModalSegues.app/ModalSegues";
			};
			name = Debug;
		};
		00E667FB1C7D48740071182F /* Release */ = {
			isa = XCBuildConfiguration;
			buildSettings = {
				BUNDLE_LOADER = "$(TEST_HOST)";
				INFOPLIST_FILE = ModalSeguesTests/Info.plist;
				LD_RUNPATH_SEARCH_PATHS = "$(inherited) @executable_path/Frameworks @loader_path/Frameworks";
				PRODUCT_BUNDLE_IDENTIFIER = CCSF.ModalSeguesTests;
				PRODUCT_NAME = "$(TARGET_NAME)";
				TEST_HOST = "$(BUILT_PRODUCTS_DIR)/ModalSegues.app/ModalSegues";
			};
			name = Release;
		};
		00E667FD1C7D48740071182F /* Debug */ = {
			isa = XCBuildConfiguration;
			buildSettings = {
				INFOPLIST_FILE = ModalSeguesUITests/Info.plist;
				LD_RUNPATH_SEARCH_PATHS = "$(inherited) @executable_path/Frameworks @loader_path/Frameworks";
				PRODUCT_BUNDLE_IDENTIFIER = CCSF.ModalSeguesUITests;
				PRODUCT_NAME = "$(TARGET_NAME)";
				TEST_TARGET_NAME = ModalSegues;
				USES_XCTRUNNER = YES;
			};
			name = Debug;
		};
		00E667FE1C7D48740071182F /* Release */ = {
			isa = XCBuildConfiguration;
			buildSettings = {
				INFOPLIST_FILE = ModalSeguesUITests/Info.plist;
				LD_RUNPATH_SEARCH_PATHS = "$(inherited) @executable_path/Frameworks @loader_path/Frameworks";
				PRODUCT_BUNDLE_IDENTIFIER = CCSF.ModalSeguesUITests;
				PRODUCT_NAME = "$(TARGET_NAME)";
				TEST_TARGET_NAME = ModalSegues;
				USES_XCTRUNNER = YES;
			};
			name = Release;
		};
/* End XCBuildConfiguration section */

/* Begin XCConfigurationList section */
		00E667C61C7D48730071182F /* Build configuration list for PBXProject "ModalSegues" */ = {
			isa = XCConfigurationList;
			buildConfigurations = (
				00E667F41C7D48740071182F /* Debug */,
				00E667F51C7D48740071182F /* Release */,
			);
			defaultConfigurationIsVisible = 0;
			defaultConfigurationName = Release;
		};
		00E667F61C7D48740071182F /* Build configuration list for PBXNativeTarget "ModalSegues" */ = {
			isa = XCConfigurationList;
			buildConfigurations = (
				00E667F71C7D48740071182F /* Debug */,
				00E667F81C7D48740071182F /* Release */,
			);
			defaultConfigurationIsVisible = 0;
		};
		00E667F91C7D48740071182F /* Build configuration list for PBXNativeTarget "ModalSeguesTests" */ = {
			isa = XCConfigurationList;
			buildConfigurations = (
				00E667FA1C7D48740071182F /* Debug */,
				00E667FB1C7D48740071182F /* Release */,
			);
			defaultConfigurationIsVisible = 0;
		};
		00E667FC1C7D48740071182F /* Build configuration list for PBXNativeTarget "ModalSeguesUITests" */ = {
			isa = XCConfigurationList;
			buildConfigurations = (
				00E667FD1C7D48740071182F /* Debug */,
				00E667FE1C7D48740071182F /* Release */,
			);
			defaultConfigurationIsVisible = 0;
		};
/* End XCConfigurationList section */

/* Begin XCVersionGroup section */
		00E667D51C7D48730071182F /* ModalSegues.xcdatamodeld */ = {
			isa = XCVersionGroup;
			children = (
				00E667D61C7D48730071182F /* ModalSegues.xcdatamodel */,
			);
			currentVersion = 00E667D61C7D48730071182F /* ModalSegues.xcdatamodel */;
			path = ModalSegues.xcdatamodeld;
			sourceTree = "<group>";
			versionGroupType = wrapper.xcdatamodel;
		};
/* End XCVersionGroup section */
	};
	rootObject = 00E667C31C7D48730071182F /* Project object */;
}
