// !$*UTF8*$!
{
	archiveVersion = 1;
	classes = {
	};
	objectVersion = 46;
	objects = {

/* Begin PBXBuildFile section */
		00266BC41CA22BF4002CE44F /* AppDelegate.swift in Sources */ = {isa = PBXBuildFile; fileRef = 00266BC31CA22BF4002CE44F /* AppDelegate.swift */; };
		00266BC61CA22BF4002CE44F /* ViewController.swift in Sources */ = {isa = PBXBuildFile; fileRef = 00266BC51CA22BF4002CE44F /* ViewController.swift */; };
		00266BC91CA22BF4002CE44F /* Main.storyboard in Resources */ = {isa = PBXBuildFile; fileRef = 00266BC71CA22BF4002CE44F /* Main.storyboard */; };
		00266BCB1CA22BF4002CE44F /* Assets.xcassets in Resources */ = {isa = PBXBuildFile; fileRef = 00266BCA1CA22BF4002CE44F /* Assets.xcassets */; };
		00266BCE1CA22BF4002CE44F /* LaunchScreen.storyboard in Resources */ = {isa = PBXBuildFile; fileRef = 00266BCC1CA22BF4002CE44F /* LaunchScreen.storyboard */; };
/* End PBXBuildFile section */

/* Begin PBXFileReference section */
		00266BC01CA22BF4002CE44F /* Galaxy.app */ = {isa = PBXFileReference; explicitFileType = wrapper.application; includeInIndex = 0; path = Galaxy.app; sourceTree = BUILT_PRODUCTS_DIR; };
		00266BC31CA22BF4002CE44F /* AppDelegate.swift */ = {isa = PBXFileReference; lastKnownFileType = sourcecode.swift; path = AppDelegate.swift; sourceTree = "<group>"; };
		00266BC51CA22BF4002CE44F /* ViewController.swift */ = {isa = PBXFileReference; lastKnownFileType = sourcecode.swift; path = ViewController.swift; sourceTree = "<group>"; };
		00266BC81CA22BF4002CE44F /* Base */ = {isa = PBXFileReference; lastKnownFileType = file.storyboard; name = Base; path = Base.lproj/Main.storyboard; sourceTree = "<group>"; };
		00266BCA1CA22BF4002CE44F /* Assets.xcassets */ = {isa = PBXFileReference; lastKnownFileType = folder.assetcatalog; path = Assets.xcassets; sourceTree = "<group>"; };
		00266BCD1CA22BF4002CE44F /* Base */ = {isa = PBXFileReference; lastKnownFileType = file.storyboard; name = Base; path = Base.lproj/LaunchScreen.storyboard; sourceTree = "<group>"; };
		00266BCF1CA22BF4002CE44F /* Info.plist */ = {isa = PBXFileReference; lastKnownFileType = text.plist.xml; path = Info.plist; sourceTree = "<group>"; };
/* End PBXFileReference section */

/* Begin PBXFrameworksBuildPhase section */
		00266BBD1CA22BF4002CE44F /* Frameworks */ = {
			isa = PBXFrameworksBuildPhase;
			buildActionMask = 2147483647;
			files = (
			);
			runOnlyForDeploymentPostprocessing = 0;
		};
/* End PBXFrameworksBuildPhase section */

/* Begin PBXGroup section */
		00266BB71CA22BF4002CE44F = {
			isa = PBXGroup;
			children = (
				00266BC21CA22BF4002CE44F /* Galaxy */,
				00266BC11CA22BF4002CE44F /* Products */,
			);
			sourceTree = "<group>";
		};
		00266BC11CA22BF4002CE44F /* Products */ = {
			isa = PBXGroup;
			children = (
				00266BC01CA22BF4002CE44F /* Galaxy.app */,
			);
			name = Products;
			sourceTree = "<group>";
		};
		00266BC21CA22BF4002CE44F /* Galaxy */ = {
			isa = PBXGroup;
			children = (
				00266BC31CA22BF4002CE44F /* AppDelegate.swift */,
				00266BC51CA22BF4002CE44F /* ViewController.swift */,
				00266BC71CA22BF4002CE44F /* Main.storyboard */,
				00266BCA1CA22BF4002CE44F /* Assets.xcassets */,
				00266BCC1CA22BF4002CE44F /* LaunchScreen.storyboard */,
				00266BCF1CA22BF4002CE44F /* Info.plist */,
			);
			path = Galaxy;
			sourceTree = "<group>";
		};
/* End PBXGroup section */

/* Begin PBXNativeTarget section */
		00266BBF1CA22BF4002CE44F /* Galaxy */ = {
			isa = PBXNativeTarget;
			buildConfigurationList = 00266BD21CA22BF4002CE44F /* Build configuration list for PBXNativeTarget "Galaxy" */;
			buildPhases = (
				00266BBC1CA22BF4002CE44F /* Sources */,
				00266BBD1CA22BF4002CE44F /* Frameworks */,
				00266BBE1CA22BF4002CE44F /* Resources */,
			);
			buildRules = (
			);
			dependencies = (
			);
			name = Galaxy;
			productName = Galaxy;
			productReference = 00266BC01CA22BF4002CE44F /* Galaxy.app */;
			productType = "com.apple.product-type.application";
		};
/* End PBXNativeTarget section */

/* Begin PBXProject section */
		00266BB81CA22BF4002CE44F /* Project object */ = {
			isa = PBXProject;
			attributes = {
				LastSwiftUpdateCheck = 0720;
				LastUpgradeCheck = 0720;
				ORGANIZATIONNAME = ccsfcomputers;
				TargetAttributes = {
					00266BBF1CA22BF4002CE44F = {
						CreatedOnToolsVersion = 7.2;
					};
				};
			};
			buildConfigurationList = 00266BBB1CA22BF4002CE44F /* Build configuration list for PBXProject "Galaxy" */;
			compatibilityVersion = "Xcode 3.2";
			developmentRegion = English;
			hasScannedForEncodings = 0;
			knownRegions = (
				en,
				Base,
			);
			mainGroup = 00266BB71CA22BF4002CE44F;
			productRefGroup = 00266BC11CA22BF4002CE44F /* Products */;
			projectDirPath = "";
			projectRoot = "";
			targets = (
				00266BBF1CA22BF4002CE44F /* Galaxy */,
			);
		};
/* End PBXProject section */

/* Begin PBXResourcesBuildPhase section */
		00266BBE1CA22BF4002CE44F /* Resources */ = {
			isa = PBXResourcesBuildPhase;
			buildActionMask = 2147483647;
			files = (
				00266BCE1CA22BF4002CE44F /* LaunchScreen.storyboard in Resources */,
				00266BCB1CA22BF4002CE44F /* Assets.xcassets in Resources */,
				00266BC91CA22BF4002CE44F /* Main.storyboard in Resources */,
			);
			runOnlyForDeploymentPostprocessing = 0;
		};
/* End PBXResourcesBuildPhase section */

/* Begin PBXSourcesBuildPhase section */
		00266BBC1CA22BF4002CE44F /* Sources */ = {
			isa = PBXSourcesBuildPhase;
			buildActionMask = 2147483647;
			files = (
				00266BC61CA22BF4002CE44F /* ViewController.swift in Sources */,
				00266BC41CA22BF4002CE44F /* AppDelegate.swift in Sources */,
			);
			runOnlyForDeploymentPostprocessing = 0;
		};
/* End PBXSourcesBuildPhase section */

/* Begin PBXVariantGroup section */
		00266BC71CA22BF4002CE44F /* Main.storyboard */ = {
			isa = PBXVariantGroup;
			children = (
				00266BC81CA22BF4002CE44F /* Base */,
			);
			name = Main.storyboard;
			sourceTree = "<group>";
		};
		00266BCC1CA22BF4002CE44F /* LaunchScreen.storyboard */ = {
			isa = PBXVariantGroup;
			children = (
				00266BCD1CA22BF4002CE44F /* Base */,
			);
			name = LaunchScreen.storyboard;
			sourceTree = "<group>";
		};
/* End PBXVariantGroup section */

/* Begin XCBuildConfiguration section */
		00266BD01CA22BF4002CE44F /* Debug */ = {
			isa = XCBuildConfiguration;
			buildSettings = {
				ALWAYS_SEARCH_USER_PATHS = NO;
				CLANG_CXX_LANGUAGE_STANDARD = "gnu++0x";
				CLANG_CXX_LIBRARY = "libc++";
				CLANG_ENABLE_MODULES = YES;
				CLANG_ENABLE_OBJC_ARC = YES;
				CLANG_WARN_BOOL_CONVERSION = YES;
				CLANG_WARN_CONSTANT_CONVERSION = YES;
				CLANG_WARN_DIRECT_OBJC_ISA_USAGE = YES_ERROR;
				CLANG_WARN_EMPTY_BODY = YES;
				CLANG_WARN_ENUM_CONVERSION = YES;
				CLANG_WARN_INT_CONVERSION = YES;
				CLANG_WARN_OBJC_ROOT_CLASS = YES_ERROR;
				CLANG_WARN_UNREACHABLE_CODE = YES;
				CLANG_WARN__DUPLICATE_METHOD_MATCH = YES;
				"CODE_SIGN_IDENTITY[sdk=iphoneos*]" = "iPhone Developer";
				COPY_PHASE_STRIP = NO;
				DEBUG_INFORMATION_FORMAT = dwarf;
				ENABLE_STRICT_OBJC_MSGSEND = YES;
				ENABLE_TESTABILITY = YES;
				GCC_C_LANGUAGE_STANDARD = gnu99;
				GCC_DYNAMIC_NO_PIC = NO;
				GCC_NO_COMMON_BLOCKS = YES;
				GCC_OPTIMIZATION_LEVEL = 0;
				GCC_PREPROCESSOR_DEFINITIONS = (
					"DEBUG=1",
					"$(inherited)",
				);
				GCC_WARN_64_TO_32_BIT_CONVERSION = YES;
				GCC_WARN_ABOUT_RETURN_TYPE = YES_ERROR;
				GCC_WARN_UNDECLARED_SELECTOR = YES;
				GCC_WARN_UNINITIALIZED_AUTOS = YES_AGGRESSIVE;
				GCC_WARN_UNUSED_FUNCTION = YES;
				GCC_WARN_UNUSED_VARIABLE = YES;
				IPHONEOS_DEPLOYMENT_TARGET = 9.2;
				MTL_ENABLE_DEBUG_INFO = YES;
				ONLY_ACTIVE_ARCH = YES;
				SDKROOT = iphoneos;
				SWIFT_OPTIMIZATION_LEVEL = "-Onone";
			};
			name = Debug;
		};
		00266BD11CA22BF4002CE44F /* Release */ = {
			isa = XCBuildConfiguration;
			buildSettings = {
				ALWAYS_SEARCH_USER_PATHS = NO;
				CLANG_CXX_LANGUAGE_STANDARD = "gnu++0x";
				CLANG_CXX_LIBRARY = "libc++";
				CLANG_ENABLE_MODULES = YES;
				CLANG_ENABLE_OBJC_ARC = YES;
				CLANG_WARN_BOOL_CONVERSION = YES;
				CLANG_WARN_CONSTANT_CONVERSION = YES;
				CLANG_WARN_DIRECT_OBJC_ISA_USAGE = YES_ERROR;
				CLANG_WARN_EMPTY_BODY = YES;
				CLANG_WARN_ENUM_CONVERSION = YES;
				CLANG_WARN_INT_CONVERSION = YES;
				CLANG_WARN_OBJC_ROOT_CLASS = YES_ERROR;
				CLANG_WARN_UNREACHABLE_CODE = YES;
				CLANG_WARN__DUPLICATE_METHOD_MATCH = YES;
				"CODE_SIGN_IDENTITY[sdk=iphoneos*]" = "iPhone Developer";
				COPY_PHASE_STRIP = NO;
				DEBUG_INFORMATION_FORMAT = "dwarf-with-dsym";
				ENABLE_NS_ASSERTIONS = NO;
				ENABLE_STRICT_OBJC_MSGSEND = YES;
				GCC_C_LANGUAGE_STANDARD = gnu99;
				GCC_NO_COMMON_BLOCKS = YES;
				GCC_WARN_64_TO_32_BIT_CONVERSION = YES;
				GCC_WARN_ABOUT_RETURN_TYPE = YES_ERROR;
				GCC_WARN_UNDECLARED_SELECTOR = YES;
				GCC_WARN_UNINITIALIZED_AUTOS = YES_AGGRESSIVE;
				GCC_WARN_UNUSED_FUNCTION = YES;
				GCC_WARN_UNUSED_VARIABLE = YES;
				IPHONEOS_DEPLOYMENT_TARGET = 9.2;
				MTL_ENABLE_DEBUG_INFO = NO;
				SDKROOT = iphoneos;
				VALIDATE_PRODUCT = YES;
			};
			name = Release;
		};
		00266BD31CA22BF4002CE44F /* Debug */ = {
			isa = XCBuildConfiguration;
			buildSettings = {
				ASSETCATALOG_COMPILER_APPICON_NAME = AppIcon;
				INFOPLIST_FILE = Galaxy/Info.plist;
				LD_RUNPATH_SEARCH_PATHS = "$(inherited) @executable_path/Frameworks";
				PRODUCT_BUNDLE_IDENTIFIER = CCSF.Galaxy;
				PRODUCT_NAME = "$(TARGET_NAME)";
			};
			name = Debug;
		};
		00266BD41CA22BF4002CE44F /* Release */ = {
			isa = XCBuildConfiguration;
			buildSettings = {
				ASSETCATALOG_COMPILER_APPICON_NAME = AppIcon;
				INFOPLIST_FILE = Galaxy/Info.plist;
				LD_RUNPATH_SEARCH_PATHS = "$(inherited) @executable_path/Frameworks";
				PRODUCT_BUNDLE_IDENTIFIER = CCSF.Galaxy;
				PRODUCT_NAME = "$(TARGET_NAME)";
			};
			name = Release;
		};
/* End XCBuildConfiguration section */

/* Begin XCConfigurationList section */
		00266BBB1CA22BF4002CE44F /* Build configuration list for PBXProject "Galaxy" */ = {
			isa = XCConfigurationList;
			buildConfigurations = (
				00266BD01CA22BF4002CE44F /* Debug */,
				00266BD11CA22BF4002CE44F /* Release */,
			);
			defaultConfigurationIsVisible = 0;
			defaultConfigurationName = Release;
		};
		00266BD21CA22BF4002CE44F /* Build configuration list for PBXNativeTarget "Galaxy" */ = {
			isa = XCConfigurationList;
			buildConfigurations = (
				00266BD31CA22BF4002CE44F /* Debug */,
				00266BD41CA22BF4002CE44F /* Release */,
			);
			defaultConfigurationIsVisible = 0;
		};
/* End XCConfigurationList section */
	};
	rootObject = 00266BB81CA22BF4002CE44F /* Project object */;
}
