// !$*UTF8*$!
{
	archiveVersion = 1;
	classes = {
	};
	objectVersion = 46;
	objects = {

/* Begin PBXBuildFile section */
		004F05D91CBDF12500706AE6 /* TaskAwareTableViewCell.swift in Sources */ = {isa = PBXBuildFile; fileRef = 004F05D81CBDF12500706AE6 /* TaskAwareTableViewCell.swift */; };
		00A5A94F1BE2F62B00B54B94 /* MovieListViewController.swift in Sources */ = {isa = PBXBuildFile; fileRef = 00A5A94E1BE2F62B00B54B94 /* MovieListViewController.swift */; };
		4D8B05041BE2C87800CF1A56 /* ImageCache.swift in Sources */ = {isa = PBXBuildFile; fileRef = 4D8B04FE1BE2C87800CF1A56 /* ImageCache.swift */; };
		4D8B05051BE2C87800CF1A56 /* Movie.swift in Sources */ = {isa = PBXBuildFile; fileRef = 4D8B04FF1BE2C87800CF1A56 /* Movie.swift */; };
		4D8B05061BE2C87800CF1A56 /* Person.swift in Sources */ = {isa = PBXBuildFile; fileRef = 4D8B05001BE2C87800CF1A56 /* Person.swift */; };
		4D8B05071BE2C87800CF1A56 /* TMDB.swift in Sources */ = {isa = PBXBuildFile; fileRef = 4D8B05011BE2C87800CF1A56 /* TMDB.swift */; };
		4D8B05091BE2C87800CF1A56 /* TMDBURLs.swift in Sources */ = {isa = PBXBuildFile; fileRef = 4D8B05031BE2C87800CF1A56 /* TMDBURLs.swift */; };
		4DE0792A1BE2BF3C007C65AF /* AppDelegate.swift in Sources */ = {isa = PBXBuildFile; fileRef = 4DE079291BE2BF3C007C65AF /* AppDelegate.swift */; };
		4DE079311BE2BF3C007C65AF /* Main.storyboard in Resources */ = {isa = PBXBuildFile; fileRef = 4DE0792F1BE2BF3C007C65AF /* Main.storyboard */; };
		4DE079331BE2BF3C007C65AF /* Assets.xcassets in Resources */ = {isa = PBXBuildFile; fileRef = 4DE079321BE2BF3C007C65AF /* Assets.xcassets */; };
/* End PBXBuildFile section */

/* Begin PBXFileReference section */
		004F05D81CBDF12500706AE6 /* TaskAwareTableViewCell.swift */ = {isa = PBXFileReference; fileEncoding = 4; lastKnownFileType = sourcecode.swift; path = TaskAwareTableViewCell.swift; sourceTree = "<group>"; };
		00A5A94E1BE2F62B00B54B94 /* MovieListViewController.swift */ = {isa = PBXFileReference; fileEncoding = 4; lastKnownFileType = sourcecode.swift; path = MovieListViewController.swift; sourceTree = "<group>"; };
		4D8B04FE1BE2C87800CF1A56 /* ImageCache.swift */ = {isa = PBXFileReference; fileEncoding = 4; lastKnownFileType = sourcecode.swift; name = ImageCache.swift; path = TheMovieDB/ImageCache.swift; sourceTree = "<group>"; };
		4D8B04FF1BE2C87800CF1A56 /* Movie.swift */ = {isa = PBXFileReference; fileEncoding = 4; lastKnownFileType = sourcecode.swift; name = Movie.swift; path = TheMovieDB/Movie.swift; sourceTree = "<group>"; };
		4D8B05001BE2C87800CF1A56 /* Person.swift */ = {isa = PBXFileReference; fileEncoding = 4; lastKnownFileType = sourcecode.swift; name = Person.swift; path = TheMovieDB/Person.swift; sourceTree = "<group>"; };
		4D8B05011BE2C87800CF1A56 /* TMDB.swift */ = {isa = PBXFileReference; fileEncoding = 4; lastKnownFileType = sourcecode.swift; name = TMDB.swift; path = TheMovieDB/TMDB.swift; sourceTree = "<group>"; };
		4D8B05031BE2C87800CF1A56 /* TMDBURLs.swift */ = {isa = PBXFileReference; fileEncoding = 4; lastKnownFileType = sourcecode.swift; name = TMDBURLs.swift; path = TheMovieDB/TMDBURLs.swift; sourceTree = "<group>"; };
		4DE079261BE2BF3C007C65AF /* MovieList.app */ = {isa = PBXFileReference; explicitFileType = wrapper.application; includeInIndex = 0; path = MovieList.app; sourceTree = BUILT_PRODUCTS_DIR; };
		4DE079291BE2BF3C007C65AF /* AppDelegate.swift */ = {isa = PBXFileReference; lastKnownFileType = sourcecode.swift; path = AppDelegate.swift; sourceTree = "<group>"; };
		4DE079301BE2BF3C007C65AF /* Base */ = {isa = PBXFileReference; lastKnownFileType = file.storyboard; name = Base; path = Base.lproj/Main.storyboard; sourceTree = "<group>"; };
		4DE079321BE2BF3C007C65AF /* Assets.xcassets */ = {isa = PBXFileReference; lastKnownFileType = folder.assetcatalog; path = Assets.xcassets; sourceTree = "<group>"; };
		4DE079371BE2BF3C007C65AF /* Info.plist */ = {isa = PBXFileReference; lastKnownFileType = text.plist.xml; path = Info.plist; sourceTree = "<group>"; };
/* End PBXFileReference section */

/* Begin PBXFrameworksBuildPhase section */
		4DE079231BE2BF3C007C65AF /* Frameworks */ = {
			isa = PBXFrameworksBuildPhase;
			buildActionMask = 2147483647;
			files = (
			);
			runOnlyForDeploymentPostprocessing = 0;
		};
/* End PBXFrameworksBuildPhase section */

/* Begin PBXGroup section */
		00A5A9501BE2F75B00B54B94 /* Other */ = {
			isa = PBXGroup;
			children = (
				4DE079371BE2BF3C007C65AF /* Info.plist */,
				4DE079321BE2BF3C007C65AF /* Assets.xcassets */,
				4DE079291BE2BF3C007C65AF /* AppDelegate.swift */,
			);
			name = Other;
			sourceTree = "<group>";
		};
		4D8B04FD1BE2C76C00CF1A56 /* TheMovieDB */ = {
			isa = PBXGroup;
			children = (
				4D8B04FE1BE2C87800CF1A56 /* ImageCache.swift */,
				4D8B04FF1BE2C87800CF1A56 /* Movie.swift */,
				4D8B05001BE2C87800CF1A56 /* Person.swift */,
				4D8B05011BE2C87800CF1A56 /* TMDB.swift */,
				4D8B05031BE2C87800CF1A56 /* TMDBURLs.swift */,
			);
			name = TheMovieDB;
			sourceTree = "<group>";
		};
		4DE0791D1BE2BF3C007C65AF = {
			isa = PBXGroup;
			children = (
				4DE079281BE2BF3C007C65AF /* MovieList */,
				4DE079271BE2BF3C007C65AF /* Products */,
			);
			sourceTree = "<group>";
		};
		4DE079271BE2BF3C007C65AF /* Products */ = {
			isa = PBXGroup;
			children = (
				4DE079261BE2BF3C007C65AF /* MovieList.app */,
			);
			name = Products;
			sourceTree = "<group>";
		};
		4DE079281BE2BF3C007C65AF /* MovieList */ = {
			isa = PBXGroup;
			children = (
				004F05D81CBDF12500706AE6 /* TaskAwareTableViewCell.swift */,
				00A5A94E1BE2F62B00B54B94 /* MovieListViewController.swift */,
				4DE0792F1BE2BF3C007C65AF /* Main.storyboard */,
				4D8B04FD1BE2C76C00CF1A56 /* TheMovieDB */,
				00A5A9501BE2F75B00B54B94 /* Other */,
			);
			path = MovieList;
			sourceTree = "<group>";
		};
/* End PBXGroup section */

/* Begin PBXNativeTarget section */
		4DE079251BE2BF3C007C65AF /* MovieList */ = {
			isa = PBXNativeTarget;
			buildConfigurationList = 4DE0793A1BE2BF3C007C65AF /* Build configuration list for PBXNativeTarget "MovieList" */;
			buildPhases = (
				4DE079221BE2BF3C007C65AF /* Sources */,
				4DE079231BE2BF3C007C65AF /* Frameworks */,
				4DE079241BE2BF3C007C65AF /* Resources */,
			);
			buildRules = (
			);
			dependencies = (
			);
			name = MovieList;
			productName = MovieList;
			productReference = 4DE079261BE2BF3C007C65AF /* MovieList.app */;
			productType = "com.apple.product-type.application";
		};
/* End PBXNativeTarget section */

/* Begin PBXProject section */
		4DE0791E1BE2BF3C007C65AF /* Project object */ = {
			isa = PBXProject;
			attributes = {
				LastSwiftUpdateCheck = 0710;
				LastUpgradeCheck = 0710;
				ORGANIZATIONNAME = "Jason Schatz";
				TargetAttributes = {
					4DE079251BE2BF3C007C65AF = {
						CreatedOnToolsVersion = 7.1;
					};
				};
			};
			buildConfigurationList = 4DE079211BE2BF3C007C65AF /* Build configuration list for PBXProject "MovieList" */;
			compatibilityVersion = "Xcode 3.2";
			developmentRegion = English;
			hasScannedForEncodings = 0;
			knownRegions = (
				en,
				Base,
			);
			mainGroup = 4DE0791D1BE2BF3C007C65AF;
			productRefGroup = 4DE079271BE2BF3C007C65AF /* Products */;
			projectDirPath = "";
			projectRoot = "";
			targets = (
				4DE079251BE2BF3C007C65AF /* MovieList */,
			);
		};
/* End PBXProject section */

/* Begin PBXResourcesBuildPhase section */
		4DE079241BE2BF3C007C65AF /* Resources */ = {
			isa = PBXResourcesBuildPhase;
			buildActionMask = 2147483647;
			files = (
				4DE079331BE2BF3C007C65AF /* Assets.xcassets in Resources */,
				4DE079311BE2BF3C007C65AF /* Main.storyboard in Resources */,
			);
			runOnlyForDeploymentPostprocessing = 0;
		};
/* End PBXResourcesBuildPhase section */

/* Begin PBXSourcesBuildPhase section */
		4DE079221BE2BF3C007C65AF /* Sources */ = {
			isa = PBXSourcesBuildPhase;
			buildActionMask = 2147483647;
			files = (
				4D8B05041BE2C87800CF1A56 /* ImageCache.swift in Sources */,
				4DE0792A1BE2BF3C007C65AF /* AppDelegate.swift in Sources */,
				4D8B05071BE2C87800CF1A56 /* TMDB.swift in Sources */,
				4D8B05091BE2C87800CF1A56 /* TMDBURLs.swift in Sources */,
				00A5A94F1BE2F62B00B54B94 /* MovieListViewController.swift in Sources */,
				004F05D91CBDF12500706AE6 /* TaskAwareTableViewCell.swift in Sources */,
				4D8B05061BE2C87800CF1A56 /* Person.swift in Sources */,
				4D8B05051BE2C87800CF1A56 /* Movie.swift in Sources */,
			);
			runOnlyForDeploymentPostprocessing = 0;
		};
/* End PBXSourcesBuildPhase section */

/* Begin PBXVariantGroup section */
		4DE0792F1BE2BF3C007C65AF /* Main.storyboard */ = {
			isa = PBXVariantGroup;
			children = (
				4DE079301BE2BF3C007C65AF /* Base */,
			);
			name = Main.storyboard;
			sourceTree = "<group>";
		};
/* End PBXVariantGroup section */

/* Begin XCBuildConfiguration section */
		4DE079381BE2BF3C007C65AF /* Debug */ = {
			isa = XCBuildConfiguration;
			buildSettings = {
				ALWAYS_SEARCH_USER_PATHS = NO;
				CLANG_CXX_LANGUAGE_STANDARD = "gnu++0x";
				CLANG_CXX_LIBRARY = "libc++";
				CLANG_ENABLE_MODULES = YES;
				CLANG_ENABLE_OBJC_ARC = YES;
				CLANG_WARN_BOOL_CONVERSION = YES;
				CLANG_WARN_CONSTANT_CONVERSION = YES;
				CLANG_WARN_DIRECT_OBJC_ISA_USAGE = YES_ERROR;
				CLANG_WARN_EMPTY_BODY = YES;
				CLANG_WARN_ENUM_CONVERSION = YES;
				CLANG_WARN_INT_CONVERSION = YES;
				CLANG_WARN_OBJC_ROOT_CLASS = YES_ERROR;
				CLANG_WARN_UNREACHABLE_CODE = YES;
				CLANG_WARN__DUPLICATE_METHOD_MATCH = YES;
				"CODE_SIGN_IDENTITY[sdk=iphoneos*]" = "iPhone Developer";
				COPY_PHASE_STRIP = NO;
				DEBUG_INFORMATION_FORMAT = dwarf;
				ENABLE_STRICT_OBJC_MSGSEND = YES;
				ENABLE_TESTABILITY = YES;
				GCC_C_LANGUAGE_STANDARD = gnu99;
				GCC_DYNAMIC_NO_PIC = NO;
				GCC_NO_COMMON_BLOCKS = YES;
				GCC_OPTIMIZATION_LEVEL = 0;
				GCC_PREPROCESSOR_DEFINITIONS = (
					"DEBUG=1",
					"$(inherited)",
				);
				GCC_WARN_64_TO_32_BIT_CONVERSION = YES;
				GCC_WARN_ABOUT_RETURN_TYPE = YES_ERROR;
				GCC_WARN_UNDECLARED_SELECTOR = YES;
				GCC_WARN_UNINITIALIZED_AUTOS = YES_AGGRESSIVE;
				GCC_WARN_UNUSED_FUNCTION = YES;
				GCC_WARN_UNUSED_VARIABLE = YES;
				IPHONEOS_DEPLOYMENT_TARGET = 9.1;
				MTL_ENABLE_DEBUG_INFO = YES;
				ONLY_ACTIVE_ARCH = YES;
				SDKROOT = iphoneos;
				SWIFT_OPTIMIZATION_LEVEL = "-Onone";
			};
			name = Debug;
		};
		4DE079391BE2BF3C007C65AF /* Release */ = {
			isa = XCBuildConfiguration;
			buildSettings = {
				ALWAYS_SEARCH_USER_PATHS = NO;
				CLANG_CXX_LANGUAGE_STANDARD = "gnu++0x";
				CLANG_CXX_LIBRARY = "libc++";
				CLANG_ENABLE_MODULES = YES;
				CLANG_ENABLE_OBJC_ARC = YES;
				CLANG_WARN_BOOL_CONVERSION = YES;
				CLANG_WARN_CONSTANT_CONVERSION = YES;
				CLANG_WARN_DIRECT_OBJC_ISA_USAGE = YES_ERROR;
				CLANG_WARN_EMPTY_BODY = YES;
				CLANG_WARN_ENUM_CONVERSION = YES;
				CLANG_WARN_INT_CONVERSION = YES;
				CLANG_WARN_OBJC_ROOT_CLASS = YES_ERROR;
				CLANG_WARN_UNREACHABLE_CODE = YES;
				CLANG_WARN__DUPLICATE_METHOD_MATCH = YES;
				"CODE_SIGN_IDENTITY[sdk=iphoneos*]" = "iPhone Developer";
				COPY_PHASE_STRIP = NO;
				DEBUG_INFORMATION_FORMAT = "dwarf-with-dsym";
				ENABLE_NS_ASSERTIONS = NO;
				ENABLE_STRICT_OBJC_MSGSEND = YES;
				GCC_C_LANGUAGE_STANDARD = gnu99;
				GCC_NO_COMMON_BLOCKS = YES;
				GCC_WARN_64_TO_32_BIT_CONVERSION = YES;
				GCC_WARN_ABOUT_RETURN_TYPE = YES_ERROR;
				GCC_WARN_UNDECLARED_SELECTOR = YES;
				GCC_WARN_UNINITIALIZED_AUTOS = YES_AGGRESSIVE;
				GCC_WARN_UNUSED_FUNCTION = YES;
				GCC_WARN_UNUSED_VARIABLE = YES;
				IPHONEOS_DEPLOYMENT_TARGET = 9.1;
				MTL_ENABLE_DEBUG_INFO = NO;
				SDKROOT = iphoneos;
				VALIDATE_PRODUCT = YES;
			};
			name = Release;
		};
		4DE0793B1BE2BF3C007C65AF /* Debug */ = {
			isa = XCBuildConfiguration;
			buildSettings = {
				ASSETCATALOG_COMPILER_APPICON_NAME = AppIcon;
				INFOPLIST_FILE = MovieList/Info.plist;
				IPHONEOS_DEPLOYMENT_TARGET = 8.4;
				LD_RUNPATH_SEARCH_PATHS = "$(inherited) @executable_path/Frameworks";
				PRODUCT_BUNDLE_IDENTIFIER = CCSF.MovieList;
				PRODUCT_NAME = "$(TARGET_NAME)";
			};
			name = Debug;
		};
		4DE0793C1BE2BF3C007C65AF /* Release */ = {
			isa = XCBuildConfiguration;
			buildSettings = {
				ASSETCATALOG_COMPILER_APPICON_NAME = AppIcon;
				INFOPLIST_FILE = MovieList/Info.plist;
				IPHONEOS_DEPLOYMENT_TARGET = 8.4;
				LD_RUNPATH_SEARCH_PATHS = "$(inherited) @executable_path/Frameworks";
				PRODUCT_BUNDLE_IDENTIFIER = CCSF.MovieList;
				PRODUCT_NAME = "$(TARGET_NAME)";
			};
			name = Release;
		};
/* End XCBuildConfiguration section */

/* Begin XCConfigurationList section */
		4DE079211BE2BF3C007C65AF /* Build configuration list for PBXProject "MovieList" */ = {
			isa = XCConfigurationList;
			buildConfigurations = (
				4DE079381BE2BF3C007C65AF /* Debug */,
				4DE079391BE2BF3C007C65AF /* Release */,
			);
			defaultConfigurationIsVisible = 0;
			defaultConfigurationName = Release;
		};
		4DE0793A1BE2BF3C007C65AF /* Build configuration list for PBXNativeTarget "MovieList" */ = {
			isa = XCConfigurationList;
			buildConfigurations = (
				4DE0793B1BE2BF3C007C65AF /* Debug */,
				4DE0793C1BE2BF3C007C65AF /* Release */,
			);
			defaultConfigurationIsVisible = 0;
			defaultConfigurationName = Release;
		};
/* End XCConfigurationList section */
	};
	rootObject = 4DE0791E1BE2BF3C007C65AF /* Project object */;
}
